
Microsoft Visual Studio Solution File, Format Version 12.00
# Visual Studio Version 16
VisualStudioVersion = 16.0.30907.101
MinimumVisualStudioVersion = 10.0.40219.1
Project("{FAE04EC0-301F-11D3-BF4B-00C04F79EFBC}") = "ApplicationMedecin", "ApplicationMedecin.csproj", "{A5076F4E-FC06-45EC-B9E3-46798A43EAEA}"
EndProject
Global
	GlobalSection(SolutionConfigurationPlatforms) = preSolution
		Debug|Any CPU = Debug|Any CPU
		Release|Any CPU = Release|Any CPU
	EndGlobalSection
	GlobalSection(ProjectConfigurationPlatforms) = postSolution
		{A5076F4E-FC06-45EC-B9E3-46798A43EAEA}.Debug|Any CPU.ActiveCfg = Debug|Any CPU
		{A5076F4E-FC06-45EC-B9E3-46798A43EAEA}.Debug|Any CPU.Build.0 = Debug|Any CPU
		{A5076F4E-FC06-45EC-B9E3-46798A43EAEA}.Release|Any CPU.ActiveCfg = Release|Any CPU
		{A5076F4E-FC06-45EC-B9E3-46798A43EAEA}.Release|Any CPU.Build.0 = Release|Any CPU
	EndGlobalSection
	GlobalSection(SolutionProperties) = preSolution
		HideSolutionNode = FALSE
	EndGlobalSection
	GlobalSection(ExtensibilityGlobals) = postSolution
		SolutionGuid = {A049BBA9-7BC5-450C-9AE3-F0BC4B955F31}
	EndGlobalSection
EndGlobal
